
Microsoft Visual Studio Solution File, Format Version 12.00
# Visual Studio Version 17
VisualStudioVersion = 17.4.33122.133
MinimumVisualStudioVersion = 10.0.40219.1
Project("{9A19103F-16F7-4668-BE54-9A1E7A4F7556}") = "SetTimeGenerateFile", "SetTimeGenerateFile\SetTimeGenerateFile.csproj", "{B6855731-3CE6-4150-8CB9-E309A5E71CFD}"
EndProject
Project("{FAE04EC0-301F-11D3-BF4B-00C04F79EFBC}") = "ControlQueue", "ControlQueue\ControlQueue.csproj", "{D97C4DB7-7B03-4445-A7F2-DCE11795EB2E}"
EndProject
Project("{2150E333-8FDC-42A3-9474-1A3956D46DE8}") = "Solution Items", "Solution Items", "{649E22ED-C48F-4ECD-BD65-90740B2714EA}"
	ProjectSection(SolutionItems) = preProject
		.editorconfig = .editorconfig
	EndProjectSection
EndProject
Project("{FAE04EC0-301F-11D3-BF4B-00C04F79EFBC}") = "TestConsoleApp", "TestConsoleApp\TestConsoleApp.csproj", "{26E81B93-241E-4BD6-B27C-7C0BE3C1E6C2}"
EndProject
Global
	GlobalSection(SolutionConfigurationPlatforms) = preSolution
		Debug|Any CPU = Debug|Any CPU
		Release|Any CPU = Release|Any CPU
	EndGlobalSection
	GlobalSection(ProjectConfigurationPlatforms) = postSolution
		{B6855731-3CE6-4150-8CB9-E309A5E71CFD}.Debug|Any CPU.ActiveCfg = Debug|Any CPU
		{B6855731-3CE6-4150-8CB9-E309A5E71CFD}.Debug|Any CPU.Build.0 = Debug|Any CPU
		{B6855731-3CE6-4150-8CB9-E309A5E71CFD}.Release|Any CPU.ActiveCfg = Release|Any CPU
		{B6855731-3CE6-4150-8CB9-E309A5E71CFD}.Release|Any CPU.Build.0 = Release|Any CPU
		{D97C4DB7-7B03-4445-A7F2-DCE11795EB2E}.Debug|Any CPU.ActiveCfg = Debug|Any CPU
		{D97C4DB7-7B03-4445-A7F2-DCE11795EB2E}.Debug|Any CPU.Build.0 = Debug|Any CPU
		{D97C4DB7-7B03-4445-A7F2-DCE11795EB2E}.Release|Any CPU.ActiveCfg = Release|Any CPU
		{D97C4DB7-7B03-4445-A7F2-DCE11795EB2E}.Release|Any CPU.Build.0 = Release|Any CPU
		{26E81B93-241E-4BD6-B27C-7C0BE3C1E6C2}.Debug|Any CPU.ActiveCfg = Debug|Any CPU
		{26E81B93-241E-4BD6-B27C-7C0BE3C1E6C2}.Debug|Any CPU.Build.0 = Debug|Any CPU
		{26E81B93-241E-4BD6-B27C-7C0BE3C1E6C2}.Release|Any CPU.ActiveCfg = Release|Any CPU
		{26E81B93-241E-4BD6-B27C-7C0BE3C1E6C2}.Release|Any CPU.Build.0 = Release|Any CPU
	EndGlobalSection
	GlobalSection(SolutionProperties) = preSolution
		HideSolutionNode = FALSE
	EndGlobalSection
	GlobalSection(ExtensibilityGlobals) = postSolution
		SolutionGuid = {ECDE0908-E5C5-419C-BAE6-E14EACBD8A33}
	EndGlobalSection
EndGlobal
